<?xml version="1.0" encoding="utf-8"?>
<Project ToolsVersion="4.0" xmlns="http://schemas.microsoft.com/developer/msbuild/2003">
  <ItemGroup>
    <Filter Include="framework">
      <UniqueIdentifier>{93e05fd3-22a1-47bb-8ce1-e210ae446e0b}</UniqueIdentifier>
    </Filter>
    <Filter Include="epollsvr">
      <UniqueIdentifier>{79f08010-2d71-42f2-97a3-d8eff099473b}</UniqueIdentifier>
    </Filter>
    <Filter Include="protocol">
      <UniqueIdentifier>{12f2beb7-9661-4d62-9bdf-4e47f8b56661}</UniqueIdentifier>
    </Filter>
    <Filter Include="msghandle">
      <UniqueIdentifier>{8403eda2-3da1-42fd-96d8-fe306beee097}</UniqueIdentifier>
    </Filter>
  </ItemGroup>
  <ItemGroup>
    <ClCompile Include="..\..\..\src\connsvr\framework\connsvr.cpp">
      <Filter>framework</Filter>
    </ClCompile>
    <ClCompile Include="..\..\..\src\connsvr\epollsvr\epollsvr.cpp">
      <Filter>epollsvr</Filter>
    </ClCompile>
    <ClCompile Include="..\..\..\src\connsvr\framework\connsvr.pb.cc">
      <Filter>framework</Filter>
    </ClCompile>
    <ClCompile Include="..\..\..\src\connsvr\protocol\protocol_connsvr.pb.cc">
      <Filter>protocol</Filter>
    </ClCompile>
    <ClCompile Include="..\..\..\src\connsvr\msghandle\MsgHandle.cpp">
      <Filter>msghandle</Filter>
    </ClCompile>
  </ItemGroup>
  <ItemGroup>
    <ClInclude Include="..\..\..\src\connsvr\framework\connsvr.h">
      <Filter>framework</Filter>
    </ClInclude>
    <ClInclude Include="..\..\..\src\connsvr\epollsvr\epollsvr.h">
      <Filter>epollsvr</Filter>
    </ClInclude>
    <ClInclude Include="..\..\..\src\connsvr\framework\connsvr.pb.h">
      <Filter>framework</Filter>
    </ClInclude>
    <ClInclude Include="..\..\..\src\connsvr\protocol\protocol_connsvr.pb.h">
      <Filter>protocol</Filter>
    </ClInclude>
    <ClInclude Include="..\..\..\src\connsvr\msghandle\MsgHandle.h">
      <Filter>msghandle</Filter>
    </ClInclude>
  </ItemGroup>
  <ItemGroup>
    <None Include="..\..\..\src\connsvr\framework\connsvr.proto">
      <Filter>framework</Filter>
    </None>
    <None Include="..\..\..\src\connsvr\protocol\protocol_connsvr.proto">
      <Filter>protocol</Filter>
    </None>
  </ItemGroup>
</Project>